PODS:
  - cryptography_flutter_plus (0.2.0):
    - Flutter
  - Flutter (1.0.0)
  - s5_messenger (0.1.0):
    - Flutter

DEPENDENCIES:
  - cryptography_flutter_plus (from `.symlinks/plugins/cryptography_flutter_plus/ios`)
  - Flutter (from `Flutter`)
  - s5_messenger (from `.symlinks/plugins/s5_messenger/ios`)

EXTERNAL SOURCES:
  cryptography_flutter_plus:
    :path: ".symlinks/plugins/cryptography_flutter_plus/ios"
  Flutter:
    :path: Flutter
  s5_messenger:
    :path: ".symlinks/plugins/s5_messenger/ios"

SPEC CHECKSUMS:
  cryptography_flutter_plus: 44f4e9e4079395fcbb3e7809c0ac2c6ae2d9576f
  Flutter: cabc95a1d2626b1b06e7179b784ebcf0c0cde467
  s5_messenger: acaaaf4d76e8f2f97499576bf08e3e367c71fca4

PODFILE CHECKSUM: ea15e0aca813b5debff8e1f19df0432762002730

COCOAPODS: 1.16.2
