PODS:
  - background_fetch (1.4.0):
    - Flutter
  - cryptography_flutter_plus (0.2.0):
    - Flutter
  - Flutter (1.0.0)
  - geolocator_apple (1.2.0):
    - Flutter
    - FlutterMacOS
  - integration_test (0.0.1):
    - Flutter
  - MapLibre (6.14.0)
  - maplibre_gl (0.0.1):
    - Flutter
    - MapLibre (= 6.14.0)
  - mobile_scanner (7.0.0):
    - Flutter
    - FlutterMacOS
  - package_info_plus (0.4.5):
    - Flutter
  - path_provider_foundation (0.0.1):
    - Flutter
    - FlutterMacOS
  - s5_messenger (0.1.0):
    - Flutter
  - shared_preferences_foundation (0.0.1):
    - Flutter
    - FlutterMacOS
  - url_launcher_ios (0.0.1):
    - Flutter

DEPENDENCIES:
  - background_fetch (from `.symlinks/plugins/background_fetch/ios`)
  - cryptography_flutter_plus (from `.symlinks/plugins/cryptography_flutter_plus/ios`)
  - Flutter (from `Flutter`)
  - geolocator_apple (from `.symlinks/plugins/geolocator_apple/darwin`)
  - integration_test (from `.symlinks/plugins/integration_test/ios`)
  - maplibre_gl (from `.symlinks/plugins/maplibre_gl/ios`)
  - mobile_scanner (from `.symlinks/plugins/mobile_scanner/darwin`)
  - package_info_plus (from `.symlinks/plugins/package_info_plus/ios`)
  - path_provider_foundation (from `.symlinks/plugins/path_provider_foundation/darwin`)
  - s5_messenger (from `.symlinks/plugins/s5_messenger/ios`)
  - shared_preferences_foundation (from `.symlinks/plugins/shared_preferences_foundation/darwin`)
  - url_launcher_ios (from `.symlinks/plugins/url_launcher_ios/ios`)

SPEC REPOS:
  trunk:
    - MapLibre

EXTERNAL SOURCES:
  background_fetch:
    :path: ".symlinks/plugins/background_fetch/ios"
  cryptography_flutter_plus:
    :path: ".symlinks/plugins/cryptography_flutter_plus/ios"
  Flutter:
    :path: Flutter
  geolocator_apple:
    :path: ".symlinks/plugins/geolocator_apple/darwin"
  integration_test:
    :path: ".symlinks/plugins/integration_test/ios"
  maplibre_gl:
    :path: ".symlinks/plugins/maplibre_gl/ios"
  mobile_scanner:
    :path: ".symlinks/plugins/mobile_scanner/darwin"
  package_info_plus:
    :path: ".symlinks/plugins/package_info_plus/ios"
  path_provider_foundation:
    :path: ".symlinks/plugins/path_provider_foundation/darwin"
  s5_messenger:
    :path: ".symlinks/plugins/s5_messenger/ios"
  shared_preferences_foundation:
    :path: ".symlinks/plugins/shared_preferences_foundation/darwin"
  url_launcher_ios:
    :path: ".symlinks/plugins/url_launcher_ios/ios"

SPEC CHECKSUMS:
  background_fetch: 81d0f20490f0126a1c29709e458f47a69e80f44e
  cryptography_flutter_plus: 44f4e9e4079395fcbb3e7809c0ac2c6ae2d9576f
  Flutter: e0871f40cf51350855a761d2e70bf5af5b9b5de7
  geolocator_apple: ab36aa0e8b7d7a2d7639b3b4e48308394e8cef5e
  integration_test: 4a889634ef21a45d28d50d622cf412dc6d9f586e
  MapLibre: 69e572367f4ef6287e18246cfafc39c80cdcabcd
  maplibre_gl: 3c924e44725147b03dda33430ad216005b40555f
  mobile_scanner: 9157936403f5a0644ca3779a38ff8404c5434a93
  package_info_plus: af8e2ca6888548050f16fa2f1938db7b5a5df499
  path_provider_foundation: 080d55be775b7414fd5a5ef3ac137b97b097e564
  s5_messenger: acaaaf4d76e8f2f97499576bf08e3e367c71fca4
  shared_preferences_foundation: 9e1978ff2562383bd5676f64ec4e9aa8fa06a6f7
  url_launcher_ios: 694010445543906933d732453a59da0a173ae33d

PODFILE CHECKSUM: a57f30d18f102dd3ce366b1d62a55ecbef2158e5

COCOAPODS: 1.16.2
